
Microsoft Visual Studio Solution File, Format Version 12.00
# Visual Studio Version 17
VisualStudioVersion = 17.11.35222.181
MinimumVisualStudioVersion = 10.0.40219.1
Project("{FAE04EC0-301F-11D3-BF4B-00C04F79EFBC}") = "Storytime Bot", "Storytime Bot.csproj", "{B33B7165-46CE-43E2-B515-23F6E87AE860}"
EndProject
Global
	GlobalSection(SolutionConfigurationPlatforms) = preSolution
		Debug|Any CPU = Debug|Any CPU
		Release|Any CPU = Release|Any CPU
	EndGlobalSection
	GlobalSection(ProjectConfigurationPlatforms) = postSolution
		{B33B7165-46CE-43E2-B515-23F6E87AE860}.Debug|Any CPU.ActiveCfg = Debug|Any CPU
		{B33B7165-46CE-43E2-B515-23F6E87AE860}.Debug|Any CPU.Build.0 = Debug|Any CPU
		{B33B7165-46CE-43E2-B515-23F6E87AE860}.Release|Any CPU.ActiveCfg = Release|Any CPU
		{B33B7165-46CE-43E2-B515-23F6E87AE860}.Release|Any CPU.Build.0 = Release|Any CPU
	EndGlobalSection
	GlobalSection(SolutionProperties) = preSolution
		HideSolutionNode = FALSE
	EndGlobalSection
	GlobalSection(ExtensibilityGlobals) = postSolution
		SolutionGuid = {A5E32DC5-DE7C-4E1D-85A4-6E255D475E87}
	EndGlobalSection
EndGlobal
